
Microsoft Visual Studio Solution File, Format Version 12.00
# Visual Studio Version 17
VisualStudioVersion = 17.14.36310.24 d17.14
MinimumVisualStudioVersion = 10.0.40219.1
Project("{FAE04EC0-301F-11D3-BF4B-00C04F79EFBC}") = "WorkTaskList", "WorkTaskList\WorkTaskList.csproj", "{1D2C98B1-8096-431A-A136-7A1BF51AC5EA}"
EndProject
Global
	GlobalSection(SolutionConfigurationPlatforms) = preSolution
		Debug|Any CPU = Debug|Any CPU
		Release|Any CPU = Release|Any CPU
	EndGlobalSection
	GlobalSection(ProjectConfigurationPlatforms) = postSolution
		{1D2C98B1-8096-431A-A136-7A1BF51AC5EA}.Debug|Any CPU.ActiveCfg = Debug|Any CPU
		{1D2C98B1-8096-431A-A136-7A1BF51AC5EA}.Debug|Any CPU.Build.0 = Debug|Any CPU
		{1D2C98B1-8096-431A-A136-7A1BF51AC5EA}.Release|Any CPU.ActiveCfg = Release|Any CPU
		{1D2C98B1-8096-431A-A136-7A1BF51AC5EA}.Release|Any CPU.Build.0 = Release|Any CPU
	EndGlobalSection
	GlobalSection(SolutionProperties) = preSolution
		HideSolutionNode = FALSE
	EndGlobalSection
	GlobalSection(ExtensibilityGlobals) = postSolution
		SolutionGuid = {556708AC-92A6-46B3-898C-678618C56C34}
	EndGlobalSection
EndGlobal
